
Microsoft Visual Studio Solution File, Format Version 12.00
# Visual Studio Version 16
VisualStudioVersion = 16.0.30204.135
MinimumVisualStudioVersion = 10.0.40219.1
Project("{FAE04EC0-301F-11D3-BF4B-00C04F79EFBC}") = "TrackerLibrary", "TrackerLibrary\TrackerLibrary.csproj", "{D19D18BD-7AAC-4E28-AB70-C3B524D10140}"
EndProject
Project("{FAE04EC0-301F-11D3-BF4B-00C04F79EFBC}") = "TrackerUI", "TrackerUI\TrackerUI.csproj", "{5716D400-7B14-4D91-AE8D-9FCABB93E75E}"
EndProject
Global
	GlobalSection(SolutionConfigurationPlatforms) = preSolution
		Debug|Any CPU = Debug|Any CPU
		Release|Any CPU = Release|Any CPU
	EndGlobalSection
	GlobalSection(ProjectConfigurationPlatforms) = postSolution
		{D19D18BD-7AAC-4E28-AB70-C3B524D10140}.Debug|Any CPU.ActiveCfg = Debug|Any CPU
		{D19D18BD-7AAC-4E28-AB70-C3B524D10140}.Debug|Any CPU.Build.0 = Debug|Any CPU
		{D19D18BD-7AAC-4E28-AB70-C3B524D10140}.Release|Any CPU.ActiveCfg = Release|Any CPU
		{D19D18BD-7AAC-4E28-AB70-C3B524D10140}.Release|Any CPU.Build.0 = Release|Any CPU
		{5716D400-7B14-4D91-AE8D-9FCABB93E75E}.Debug|Any CPU.ActiveCfg = Debug|Any CPU
		{5716D400-7B14-4D91-AE8D-9FCABB93E75E}.Debug|Any CPU.Build.0 = Debug|Any CPU
		{5716D400-7B14-4D91-AE8D-9FCABB93E75E}.Release|Any CPU.ActiveCfg = Release|Any CPU
		{5716D400-7B14-4D91-AE8D-9FCABB93E75E}.Release|Any CPU.Build.0 = Release|Any CPU
	EndGlobalSection
	GlobalSection(SolutionProperties) = preSolution
		HideSolutionNode = FALSE
	EndGlobalSection
	GlobalSection(ExtensibilityGlobals) = postSolution
		SolutionGuid = {4D2B3559-2826-4474-91A2-7671E6D84B89}
	EndGlobalSection
EndGlobal
